// !$*UTF8*$!
{
	archiveVersion = 1;
	classes = {
	};
	objectVersion = 56;
	objects = {

/* Begin PBXBuildFile section */
		89C48AB52B5A25C700613858 /* AppDelegate.swift in Sources */ = {isa = PBXBuildFile; fileRef = 89C48AB42B5A25C700613858 /* AppDelegate.swift */; };
		89C48AB72B5A25C700613858 /* ContentView.swift in Sources */ = {isa = PBXBuildFile; fileRef = 89C48AB62B5A25C700613858 /* ContentView.swift */; };
		89C48AB92B5A25C800613858 /* Assets.xcassets in Resources */ = {isa = PBXBuildFile; fileRef = 89C48AB82B5A25C800613858 /* Assets.xcassets */; };
		89C48ABC2B5A25C800613858 /* Preview Assets.xcassets in Resources */ = {isa = PBXBuildFile; fileRef = 89C48ABB2B5A25C800613858 /* Preview Assets.xcassets */; };
		89C48AC62B5A25C800613858 /* ArPlaygroundTests.swift in Sources */ = {isa = PBXBuildFile; fileRef = 89C48AC52B5A25C800613858 /* ArPlaygroundTests.swift */; };
		89C48AD02B5A25C800613858 /* ArPlaygroundUITests.swift in Sources */ = {isa = PBXBuildFile; fileRef = 89C48ACF2B5A25C800613858 /* ArPlaygroundUITests.swift */; };
		89C48AD22B5A25C800613858 /* ArPlaygroundUITestsLaunchTests.swift in Sources */ = {isa = PBXBuildFile; fileRef = 89C48AD12B5A25C800613858 /* ArPlaygroundUITestsLaunchTests.swift */; };
/* End PBXBuildFile section */

/* Begin PBXContainerItemProxy section */
		89C48AC22B5A25C800613858 /* PBXContainerItemProxy */ = {
			isa = PBXContainerItemProxy;
			containerPortal = 89C48AA92B5A25C700613858 /* Project object */;
			proxyType = 1;
			remoteGlobalIDString = 89C48AB02B5A25C700613858;
			remoteInfo = ArPlayground;
		};
		89C48ACC2B5A25C800613858 /* PBXContainerItemProxy */ = {
			isa = PBXContainerItemProxy;
			containerPortal = 89C48AA92B5A25C700613858 /* Project object */;
			proxyType = 1;
			remoteGlobalIDString = 89C48AB02B5A25C700613858;
			remoteInfo = ArPlayground;
		};
/* End PBXContainerItemProxy section */

/* Begin PBXFileReference section */
		89C48AB12B5A25C700613858 /* ArPlayground.app */ = {isa = PBXFileReference; explicitFileType = wrapper.application; includeInIndex = 0; path = ArPlayground.app; sourceTree = BUILT_PRODUCTS_DIR; };
		89C48AB42B5A25C700613858 /* AppDelegate.swift */ = {isa = PBXFileReference; lastKnownFileType = sourcecode.swift; path = AppDelegate.swift; sourceTree = "<group>"; };
		89C48AB62B5A25C700613858 /* ContentView.swift */ = {isa = PBXFileReference; lastKnownFileType = sourcecode.swift; path = ContentView.swift; sourceTree = "<group>"; };
		89C48AB82B5A25C800613858 /* Assets.xcassets */ = {isa = PBXFileReference; lastKnownFileType = folder.assetcatalog; path = Assets.xcassets; sourceTree = "<group>"; };
		89C48ABB2B5A25C800613858 /* Preview Assets.xcassets */ = {isa = PBXFileReference; lastKnownFileType = folder.assetcatalog; path = "Preview Assets.xcassets"; sourceTree = "<group>"; };
		89C48AC12B5A25C800613858 /* ArPlaygroundTests.xctest */ = {isa = PBXFileReference; explicitFileType = wrapper.cfbundle; includeInIndex = 0; path = ArPlaygroundTests.xctest; sourceTree = BUILT_PRODUCTS_DIR; };
		89C48AC52B5A25C800613858 /* ArPlaygroundTests.swift */ = {isa = PBXFileReference; lastKnownFileType = sourcecode.swift; path = ArPlaygroundTests.swift; sourceTree = "<group>"; };
		89C48ACB2B5A25C800613858 /* ArPlaygroundUITests.xctest */ = {isa = PBXFileReference; explicitFileType = wrapper.cfbundle; includeInIndex = 0; path = ArPlaygroundUITests.xctest; sourceTree = BUILT_PRODUCTS_DIR; };
		89C48ACF2B5A25C800613858 /* ArPlaygroundUITests.swift */ = {isa = PBXFileReference; lastKnownFileType = sourcecode.swift; path = ArPlaygroundUITests.swift; sourceTree = "<group>"; };
		89C48AD12B5A25C800613858 /* ArPlaygroundUITestsLaunchTests.swift */ = {isa = PBXFileReference; lastKnownFileType = sourcecode.swift; path = ArPlaygroundUITestsLaunchTests.swift; sourceTree = "<group>"; };
/* End PBXFileReference section */

/* Begin PBXFrameworksBuildPhase section */
		89C48AAE2B5A25C700613858 /* Frameworks */ = {
			isa = PBXFrameworksBuildPhase;
			buildActionMask = 2147483647;
			files = (
			);
			runOnlyForDeploymentPostprocessing = 0;
		};
		89C48ABE2B5A25C800613858 /* Frameworks */ = {
			isa = PBXFrameworksBuildPhase;
			buildActionMask = 2147483647;
			files = (
			);
			runOnlyForDeploymentPostprocessing = 0;
		};
		89C48AC82B5A25C800613858 /* Frameworks */ = {
			isa = PBXFrameworksBuildPhase;
			buildActionMask = 2147483647;
			files = (
			);
			runOnlyForDeploymentPostprocessing = 0;
		};
/* End PBXFrameworksBuildPhase section */

/* Begin PBXGroup section */
		89C48AA82B5A25C700613858 = {
			isa = PBXGroup;
			children = (
				89C48AB32B5A25C700613858 /* ArPlayground */,
				89C48AC42B5A25C800613858 /* ArPlaygroundTests */,
				89C48ACE2B5A25C800613858 /* ArPlaygroundUITests */,
				89C48AB22B5A25C700613858 /* Products */,
			);
			sourceTree = "<group>";
		};
		89C48AB22B5A25C700613858 /* Products */ = {
			isa = PBXGroup;
			children = (
				89C48AB12B5A25C700613858 /* ArPlayground.app */,
				89C48AC12B5A25C800613858 /* ArPlaygroundTests.xctest */,
				89C48ACB2B5A25C800613858 /* ArPlaygroundUITests.xctest */,
			);
			name = Products;
			sourceTree = "<group>";
		};
		89C48AB32B5A25C700613858 /* ArPlayground */ = {
			isa = PBXGroup;
			children = (
				89C48AB42B5A25C700613858 /* AppDelegate.swift */,
				89C48AB62B5A25C700613858 /* ContentView.swift */,
				89C48AB82B5A25C800613858 /* Assets.xcassets */,
				89C48ABA2B5A25C800613858 /* Preview Content */,
			);
			path = ArPlayground;
			sourceTree = "<group>";
		};
		89C48ABA2B5A25C800613858 /* Preview Content */ = {
			isa = PBXGroup;
			children = (
				89C48ABB2B5A25C800613858 /* Preview Assets.xcassets */,
			);
			path = "Preview Content";
			sourceTree = "<group>";
		};
		89C48AC42B5A25C800613858 /* ArPlaygroundTests */ = {
			isa = PBXGroup;
			children = (
				89C48AC52B5A25C800613858 /* ArPlaygroundTests.swift */,
			);
			path = ArPlaygroundTests;
			sourceTree = "<group>";
		};
		89C48ACE2B5A25C800613858 /* ArPlaygroundUITests */ = {
			isa = PBXGroup;
			children = (
				89C48ACF2B5A25C800613858 /* ArPlaygroundUITests.swift */,
				89C48AD12B5A25C800613858 /* ArPlaygroundUITestsLaunchTests.swift */,
			);
			path = ArPlaygroundUITests;
			sourceTree = "<group>";
		};
/* End PBXGroup section */

/* Begin PBXNativeTarget section */
		89C48AB02B5A25C700613858 /* ArPlayground */ = {
			isa = PBXNativeTarget;
			buildConfigurationList = 89C48AD52B5A25C800613858 /* Build configuration list for PBXNativeTarget "ArPlayground" */;
			buildPhases = (
				89C48AAD2B5A25C700613858 /* Sources */,
				89C48AAE2B5A25C700613858 /* Frameworks */,
				89C48AAF2B5A25C700613858 /* Resources */,
			);
			buildRules = (
			);
			dependencies = (
			);
			name = ArPlayground;
			productName = ArPlayground;
			productReference = 89C48AB12B5A25C700613858 /* ArPlayground.app */;
			productType = "com.apple.product-type.application";
		};
		89C48AC02B5A25C800613858 /* ArPlaygroundTests */ = {
			isa = PBXNativeTarget;
			buildConfigurationList = 89C48AD82B5A25C800613858 /* Build configuration list for PBXNativeTarget "ArPlaygroundTests" */;
			buildPhases = (
				89C48ABD2B5A25C800613858 /* Sources */,
				89C48ABE2B5A25C800613858 /* Frameworks */,
				89C48ABF2B5A25C800613858 /* Resources */,
			);
			buildRules = (
			);
			dependencies = (
				89C48AC32B5A25C800613858 /* PBXTargetDependency */,
			);
			name = ArPlaygroundTests;
			productName = ArPlaygroundTests;
			productReference = 89C48AC12B5A25C800613858 /* ArPlaygroundTests.xctest */;
			productType = "com.apple.product-type.bundle.unit-test";
		};
		89C48ACA2B5A25C800613858 /* ArPlaygroundUITests */ = {
			isa = PBXNativeTarget;
			buildConfigurationList = 89C48ADB2B5A25C800613858 /* Build configuration list for PBXNativeTarget "ArPlaygroundUITests" */;
			buildPhases = (
				89C48AC72B5A25C800613858 /* Sources */,
				89C48AC82B5A25C800613858 /* Frameworks */,
				89C48AC92B5A25C800613858 /* Resources */,
			);
			buildRules = (
			);
			dependencies = (
				89C48ACD2B5A25C800613858 /* PBXTargetDependency */,
			);
			name = ArPlaygroundUITests;
			productName = ArPlaygroundUITests;
			productReference = 89C48ACB2B5A25C800613858 /* ArPlaygroundUITests.xctest */;
			productType = "com.apple.product-type.bundle.ui-testing";
		};
/* End PBXNativeTarget section */

/* Begin PBXProject section */
		89C48AA92B5A25C700613858 /* Project object */ = {
			isa = PBXProject;
			attributes = {
				BuildIndependentTargetsInParallel = 1;
				LastSwiftUpdateCheck = 1500;
				LastUpgradeCheck = 1500;
				TargetAttributes = {
					89C48AB02B5A25C700613858 = {
						CreatedOnToolsVersion = 15.0.1;
					};
					89C48AC02B5A25C800613858 = {
						CreatedOnToolsVersion = 15.0.1;
						TestTargetID = 89C48AB02B5A25C700613858;
					};
					89C48ACA2B5A25C800613858 = {
						CreatedOnToolsVersion = 15.0.1;
						TestTargetID = 89C48AB02B5A25C700613858;
					};
				};
			};
			buildConfigurationList = 89C48AAC2B5A25C700613858 /* Build configuration list for PBXProject "ArPlayground" */;
			compatibilityVersion = "Xcode 14.0";
			developmentRegion = en;
			hasScannedForEncodings = 0;
			knownRegions = (
				en,
				Base,
			);
			mainGroup = 89C48AA82B5A25C700613858;
			productRefGroup = 89C48AB22B5A25C700613858 /* Products */;
			projectDirPath = "";
			projectRoot = "";
			targets = (
				89C48AB02B5A25C700613858 /* ArPlayground */,
				89C48AC02B5A25C800613858 /* ArPlaygroundTests */,
				89C48ACA2B5A25C800613858 /* ArPlaygroundUITests */,
			);
		};
/* End PBXProject section */

/* Begin PBXResourcesBuildPhase section */
		89C48AAF2B5A25C700613858 /* Resources */ = {
			isa = PBXResourcesBuildPhase;
			buildActionMask = 2147483647;
			files = (
				89C48ABC2B5A25C800613858 /* Preview Assets.xcassets in Resources */,
				89C48AB92B5A25C800613858 /* Assets.xcassets in Resources */,
			);
			runOnlyForDeploymentPostprocessing = 0;
		};
		89C48ABF2B5A25C800613858 /* Resources */ = {
			isa = PBXResourcesBuildPhase;
			buildActionMask = 2147483647;
			files = (
			);
			runOnlyForDeploymentPostprocessing = 0;
		};
		89C48AC92B5A25C800613858 /* Resources */ = {
			isa = PBXResourcesBuildPhase;
			buildActionMask = 2147483647;
			files = (
			);
			runOnlyForDeploymentPostprocessing = 0;
		};
/* End PBXResourcesBuildPhase section */

/* Begin PBXSourcesBuildPhase section */
		89C48AAD2B5A25C700613858 /* Sources */ = {
			isa = PBXSourcesBuildPhase;
			buildActionMask = 2147483647;
			files = (
				89C48AB72B5A25C700613858 /* ContentView.swift in Sources */,
				89C48AB52B5A25C700613858 /* AppDelegate.swift in Sources */,
			);
			runOnlyForDeploymentPostprocessing = 0;
		};
		89C48ABD2B5A25C800613858 /* Sources */ = {
			isa = PBXSourcesBuildPhase;
			buildActionMask = 2147483647;
			files = (
				89C48AC62B5A25C800613858 /* ArPlaygroundTests.swift in Sources */,
			);
			runOnlyForDeploymentPostprocessing = 0;
		};
		89C48AC72B5A25C800613858 /* Sources */ = {
			isa = PBXSourcesBuildPhase;
			buildActionMask = 2147483647;
			files = (
				89C48AD22B5A25C800613858 /* ArPlaygroundUITestsLaunchTests.swift in Sources */,
				89C48AD02B5A25C800613858 /* ArPlaygroundUITests.swift in Sources */,
			);
			runOnlyForDeploymentPostprocessing = 0;
		};
/* End PBXSourcesBuildPhase section */

/* Begin PBXTargetDependency section */
		89C48AC32B5A25C800613858 /* PBXTargetDependency */ = {
			isa = PBXTargetDependency;
			target = 89C48AB02B5A25C700613858 /* ArPlayground */;
			targetProxy = 89C48AC22B5A25C800613858 /* PBXContainerItemProxy */;
		};
		89C48ACD2B5A25C800613858 /* PBXTargetDependency */ = {
			isa = PBXTargetDependency;
			target = 89C48AB02B5A25C700613858 /* ArPlayground */;
			targetProxy = 89C48ACC2B5A25C800613858 /* PBXContainerItemProxy */;
		};
/* End PBXTargetDependency section */

/* Begin XCBuildConfiguration section */
		89C48AD32B5A25C800613858 /* Debug */ = {
			isa = XCBuildConfiguration;
			buildSettings = {
				ALWAYS_SEARCH_USER_PATHS = NO;
				ASSETCATALOG_COMPILER_GENERATE_SWIFT_ASSET_SYMBOL_EXTENSIONS = YES;
				CLANG_ANALYZER_NONNULL = YES;
				CLANG_ANALYZER_NUMBER_OBJECT_CONVERSION = YES_AGGRESSIVE;
				CLANG_CXX_LANGUAGE_STANDARD = "gnu++20";
				CLANG_ENABLE_MODULES = YES;
				CLANG_ENABLE_OBJC_ARC = YES;
				CLANG_ENABLE_OBJC_WEAK = YES;
				CLANG_WARN_BLOCK_CAPTURE_AUTORELEASING = YES;
				CLANG_WARN_BOOL_CONVERSION = YES;
				CLANG_WARN_COMMA = YES;
				CLANG_WARN_CONSTANT_CONVERSION = YES;
				CLANG_WARN_DEPRECATED_OBJC_IMPLEMENTATIONS = YES;
				CLANG_WARN_DIRECT_OBJC_ISA_USAGE = YES_ERROR;
				CLANG_WARN_DOCUMENTATION_COMMENTS = YES;
				CLANG_WARN_EMPTY_BODY = YES;
				CLANG_WARN_ENUM_CONVERSION = YES;
				CLANG_WARN_INFINITE_RECURSION = YES;
				CLANG_WARN_INT_CONVERSION = YES;
				CLANG_WARN_NON_LITERAL_NULL_CONVERSION = YES;
				CLANG_WARN_OBJC_IMPLICIT_RETAIN_SELF = YES;
				CLANG_WARN_OBJC_LITERAL_CONVERSION = YES;
				CLANG_WARN_OBJC_ROOT_CLASS = YES_ERROR;
				CLANG_WARN_QUOTED_INCLUDE_IN_FRAMEWORK_HEADER = YES;
				CLANG_WARN_RANGE_LOOP_ANALYSIS = YES;
				CLANG_WARN_STRICT_PROTOTYPES = YES;
				CLANG_WARN_SUSPICIOUS_MOVE = YES;
				CLANG_WARN_UNGUARDED_AVAILABILITY = YES_AGGRESSIVE;
				CLANG_WARN_UNREACHABLE_CODE = YES;
				CLANG_WARN__DUPLICATE_METHOD_MATCH = YES;
				COPY_PHASE_STRIP = NO;
				DEBUG_INFORMATION_FORMAT = dwarf;
				ENABLE_STRICT_OBJC_MSGSEND = YES;
				ENABLE_TESTABILITY = YES;
				ENABLE_USER_SCRIPT_SANDBOXING = YES;
				GCC_C_LANGUAGE_STANDARD = gnu17;
				GCC_DYNAMIC_NO_PIC = NO;
				GCC_NO_COMMON_BLOCKS = YES;
				GCC_OPTIMIZATION_LEVEL = 0;
				GCC_PREPROCESSOR_DEFINITIONS = (
					"DEBUG=1",
					"$(inherited)",
				);
				GCC_WARN_64_TO_32_BIT_CONVERSION = YES;
				GCC_WARN_ABOUT_RETURN_TYPE = YES_ERROR;
				GCC_WARN_UNDECLARED_SELECTOR = YES;
				GCC_WARN_UNINITIALIZED_AUTOS = YES_AGGRESSIVE;
				GCC_WARN_UNUSED_FUNCTION = YES;
				GCC_WARN_UNUSED_VARIABLE = YES;
				IPHONEOS_DEPLOYMENT_TARGET = 17.0;
				LOCALIZATION_PREFERS_STRING_CATALOGS = YES;
				MTL_ENABLE_DEBUG_INFO = INCLUDE_SOURCE;
				MTL_FAST_MATH = YES;
				ONLY_ACTIVE_ARCH = YES;
				SDKROOT = iphoneos;
				SWIFT_ACTIVE_COMPILATION_CONDITIONS = "DEBUG $(inherited)";
				SWIFT_OPTIMIZATION_LEVEL = "-Onone";
			};
			name = Debug;
		};
		89C48AD42B5A25C800613858 /* Release */ = {
			isa = XCBuildConfiguration;
			buildSettings = {
				ALWAYS_SEARCH_USER_PATHS = NO;
				ASSETCATALOG_COMPILER_GENERATE_SWIFT_ASSET_SYMBOL_EXTENSIONS = YES;
				CLANG_ANALYZER_NONNULL = YES;
				CLANG_ANALYZER_NUMBER_OBJECT_CONVERSION = YES_AGGRESSIVE;
				CLANG_CXX_LANGUAGE_STANDARD = "gnu++20";
				CLANG_ENABLE_MODULES = YES;
				CLANG_ENABLE_OBJC_ARC = YES;
				CLANG_ENABLE_OBJC_WEAK = YES;
				CLANG_WARN_BLOCK_CAPTURE_AUTORELEASING = YES;
				CLANG_WARN_BOOL_CONVERSION = YES;
				CLANG_WARN_COMMA = YES;
				CLANG_WARN_CONSTANT_CONVERSION = YES;
				CLANG_WARN_DEPRECATED_OBJC_IMPLEMENTATIONS = YES;
				CLANG_WARN_DIRECT_OBJC_ISA_USAGE = YES_ERROR;
				CLANG_WARN_DOCUMENTATION_COMMENTS = YES;
				CLANG_WARN_EMPTY_BODY = YES;
				CLANG_WARN_ENUM_CONVERSION = YES;
				CLANG_WARN_INFINITE_RECURSION = YES;
				CLANG_WARN_INT_CONVERSION = YES;
				CLANG_WARN_NON_LITERAL_NULL_CONVERSION = YES;
				CLANG_WARN_OBJC_IMPLICIT_RETAIN_SELF = YES;
				CLANG_WARN_OBJC_LITERAL_CONVERSION = YES;
				CLANG_WARN_OBJC_ROOT_CLASS = YES_ERROR;
				CLANG_WARN_QUOTED_INCLUDE_IN_FRAMEWORK_HEADER = YES;
				CLANG_WARN_RANGE_LOOP_ANALYSIS = YES;
				CLANG_WARN_STRICT_PROTOTYPES = YES;
				CLANG_WARN_SUSPICIOUS_MOVE = YES;
				CLANG_WARN_UNGUARDED_AVAILABILITY = YES_AGGRESSIVE;
				CLANG_WARN_UNREACHABLE_CODE = YES;
				CLANG_WARN__DUPLICATE_METHOD_MATCH = YES;
				COPY_PHASE_STRIP = NO;
				DEBUG_INFORMATION_FORMAT = "dwarf-with-dsym";
				ENABLE_NS_ASSERTIONS = NO;
				ENABLE_STRICT_OBJC_MSGSEND = YES;
				ENABLE_USER_SCRIPT_SANDBOXING = YES;
				GCC_C_LANGUAGE_STANDARD = gnu17;
				GCC_NO_COMMON_BLOCKS = YES;
				GCC_WARN_64_TO_32_BIT_CONVERSION = YES;
				GCC_WARN_ABOUT_RETURN_TYPE = YES_ERROR;
				GCC_WARN_UNDECLARED_SELECTOR = YES;
				GCC_WARN_UNINITIALIZED_AUTOS = YES_AGGRESSIVE;
				GCC_WARN_UNUSED_FUNCTION = YES;
				GCC_WARN_UNUSED_VARIABLE = YES;
				IPHONEOS_DEPLOYMENT_TARGET = 17.0;
				LOCALIZATION_PREFERS_STRING_CATALOGS = YES;
				MTL_ENABLE_DEBUG_INFO = NO;
				MTL_FAST_MATH = YES;
				SDKROOT = iphoneos;
				SWIFT_COMPILATION_MODE = wholemodule;
				VALIDATE_PRODUCT = YES;
			};
			name = Release;
		};
		89C48AD62B5A25C800613858 /* Debug */ = {
			isa = XCBuildConfiguration;
			buildSettings = {
				ASSETCATALOG_COMPILER_APPICON_NAME = AppIcon;
				ASSETCATALOG_COMPILER_GLOBAL_ACCENT_COLOR_NAME = AccentColor;
				CODE_SIGN_STYLE = Automatic;
				CURRENT_PROJECT_VERSION = 1;
				DEVELOPMENT_ASSET_PATHS = "\"ArPlayground/Preview Content\"";
				DEVELOPMENT_TEAM = 9RWAJP8AG7;
				ENABLE_PREVIEWS = YES;
				GENERATE_INFOPLIST_FILE = YES;
				INFOPLIST_KEY_NSCameraUsageDescription = "";
				INFOPLIST_KEY_UIApplicationSupportsIndirectInputEvents = YES;
				INFOPLIST_KEY_UILaunchScreen_Generation = YES;
				INFOPLIST_KEY_UIRequiredDeviceCapabilities = arkit;
				INFOPLIST_KEY_UIStatusBarHidden = YES;
				INFOPLIST_KEY_UISupportedInterfaceOrientations_iPad = "UIInterfaceOrientationPortrait UIInterfaceOrientationPortraitUpsideDown UIInterfaceOrientationLandscapeLeft UIInterfaceOrientationLandscapeRight";
				INFOPLIST_KEY_UISupportedInterfaceOrientations_iPhone = "UIInterfaceOrientationPortrait UIInterfaceOrientationLandscapeLeft UIInterfaceOrientationLandscapeRight";
				LD_RUNPATH_SEARCH_PATHS = (
					"$(inherited)",
					"@executable_path/Frameworks",
				);
				MARKETING_VERSION = 1.0;
				PRODUCT_BUNDLE_IDENTIFIER = com.bestat.ArPlayground.ArPlayground;
				PRODUCT_NAME = "$(TARGET_NAME)";
				SWIFT_EMIT_LOC_STRINGS = YES;
				SWIFT_VERSION = 5.0;
				TARGETED_DEVICE_FAMILY = "1,2";
			};
			name = Debug;
		};
		89C48AD72B5A25C800613858 /* Release */ = {
			isa = XCBuildConfiguration;
			buildSettings = {
				ASSETCATALOG_COMPILER_APPICON_NAME = AppIcon;
				ASSETCATALOG_COMPILER_GLOBAL_ACCENT_COLOR_NAME = AccentColor;
				CODE_SIGN_STYLE = Automatic;
				CURRENT_PROJECT_VERSION = 1;
				DEVELOPMENT_ASSET_PATHS = "\"ArPlayground/Preview Content\"";
				DEVELOPMENT_TEAM = 9RWAJP8AG7;
				ENABLE_PREVIEWS = YES;
				GENERATE_INFOPLIST_FILE = YES;
				INFOPLIST_KEY_NSCameraUsageDescription = "";
				INFOPLIST_KEY_UIApplicationSupportsIndirectInputEvents = YES;
				INFOPLIST_KEY_UILaunchScreen_Generation = YES;
				INFOPLIST_KEY_UIRequiredDeviceCapabilities = arkit;
				INFOPLIST_KEY_UIStatusBarHidden = YES;
				INFOPLIST_KEY_UISupportedInterfaceOrientations_iPad = "UIInterfaceOrientationPortrait UIInterfaceOrientationPortraitUpsideDown UIInterfaceOrientationLandscapeLeft UIInterfaceOrientationLandscapeRight";
				INFOPLIST_KEY_UISupportedInterfaceOrientations_iPhone = "UIInterfaceOrientationPortrait UIInterfaceOrientationLandscapeLeft UIInterfaceOrientationLandscapeRight";
				LD_RUNPATH_SEARCH_PATHS = (
					"$(inherited)",
					"@executable_path/Frameworks",
				);
				MARKETING_VERSION = 1.0;
				PRODUCT_BUNDLE_IDENTIFIER = com.bestat.ArPlayground.ArPlayground;
				PRODUCT_NAME = "$(TARGET_NAME)";
				SWIFT_EMIT_LOC_STRINGS = YES;
				SWIFT_VERSION = 5.0;
				TARGETED_DEVICE_FAMILY = "1,2";
			};
			name = Release;
		};
		89C48AD92B5A25C800613858 /* Debug */ = {
			isa = XCBuildConfiguration;
			buildSettings = {
				ALWAYS_EMBED_SWIFT_STANDARD_LIBRARIES = YES;
				BUNDLE_LOADER = "$(TEST_HOST)";
				CODE_SIGN_STYLE = Automatic;
				CURRENT_PROJECT_VERSION = 1;
				DEVELOPMENT_TEAM = 9RWAJP8AG7;
				GENERATE_INFOPLIST_FILE = YES;
				IPHONEOS_DEPLOYMENT_TARGET = 17.0;
				MARKETING_VERSION = 1.0;
				PRODUCT_BUNDLE_IDENTIFIER = com.bestat.ArPlayground.ArPlaygroundTests;
				PRODUCT_NAME = "$(TARGET_NAME)";
				SWIFT_EMIT_LOC_STRINGS = NO;
				SWIFT_VERSION = 5.0;
				TARGETED_DEVICE_FAMILY = "1,2";
				TEST_HOST = "$(BUILT_PRODUCTS_DIR)/ArPlayground.app/$(BUNDLE_EXECUTABLE_FOLDER_PATH)/ArPlayground";
			};
			name = Debug;
		};
		89C48ADA2B5A25C800613858 /* Release */ = {
			isa = XCBuildConfiguration;
			buildSettings = {
				ALWAYS_EMBED_SWIFT_STANDARD_LIBRARIES = YES;
				BUNDLE_LOADER = "$(TEST_HOST)";
				CODE_SIGN_STYLE = Automatic;
				CURRENT_PROJECT_VERSION = 1;
				DEVELOPMENT_TEAM = 9RWAJP8AG7;
				GENERATE_INFOPLIST_FILE = YES;
				IPHONEOS_DEPLOYMENT_TARGET = 17.0;
				MARKETING_VERSION = 1.0;
				PRODUCT_BUNDLE_IDENTIFIER = com.bestat.ArPlayground.ArPlaygroundTests;
				PRODUCT_NAME = "$(TARGET_NAME)";
				SWIFT_EMIT_LOC_STRINGS = NO;
				SWIFT_VERSION = 5.0;
				TARGETED_DEVICE_FAMILY = "1,2";
				TEST_HOST = "$(BUILT_PRODUCTS_DIR)/ArPlayground.app/$(BUNDLE_EXECUTABLE_FOLDER_PATH)/ArPlayground";
			};
			name = Release;
		};
		89C48ADC2B5A25C800613858 /* Debug */ = {
			isa = XCBuildConfiguration;
			buildSettings = {
				ALWAYS_EMBED_SWIFT_STANDARD_LIBRARIES = YES;
				CODE_SIGN_STYLE = Automatic;
				CURRENT_PROJECT_VERSION = 1;
				DEVELOPMENT_TEAM = 9RWAJP8AG7;
				GENERATE_INFOPLIST_FILE = YES;
				MARKETING_VERSION = 1.0;
				PRODUCT_BUNDLE_IDENTIFIER = com.bestat.ArPlayground.ArPlaygroundUITests;
				PRODUCT_NAME = "$(TARGET_NAME)";
				SWIFT_EMIT_LOC_STRINGS = NO;
				SWIFT_VERSION = 5.0;
				TARGETED_DEVICE_FAMILY = "1,2";
				TEST_TARGET_NAME = ArPlayground;
			};
			name = Debug;
		};
		89C48ADD2B5A25C800613858 /* Release */ = {
			isa = XCBuildConfiguration;
			buildSettings = {
				ALWAYS_EMBED_SWIFT_STANDARD_LIBRARIES = YES;
				CODE_SIGN_STYLE = Automatic;
				CURRENT_PROJECT_VERSION = 1;
				DEVELOPMENT_TEAM = 9RWAJP8AG7;
				GENERATE_INFOPLIST_FILE = YES;
				MARKETING_VERSION = 1.0;
				PRODUCT_BUNDLE_IDENTIFIER = com.bestat.ArPlayground.ArPlaygroundUITests;
				PRODUCT_NAME = "$(TARGET_NAME)";
				SWIFT_EMIT_LOC_STRINGS = NO;
				SWIFT_VERSION = 5.0;
				TARGETED_DEVICE_FAMILY = "1,2";
				TEST_TARGET_NAME = ArPlayground;
			};
			name = Release;
		};
/* End XCBuildConfiguration section */

/* Begin XCConfigurationList section */
		89C48AAC2B5A25C700613858 /* Build configuration list for PBXProject "ArPlayground" */ = {
			isa = XCConfigurationList;
			buildConfigurations = (
				89C48AD32B5A25C800613858 /* Debug */,
				89C48AD42B5A25C800613858 /* Release */,
			);
			defaultConfigurationIsVisible = 0;
			defaultConfigurationName = Release;
		};
		89C48AD52B5A25C800613858 /* Build configuration list for PBXNativeTarget "ArPlayground" */ = {
			isa = XCConfigurationList;
			buildConfigurations = (
				89C48AD62B5A25C800613858 /* Debug */,
				89C48AD72B5A25C800613858 /* Release */,
			);
			defaultConfigurationIsVisible = 0;
			defaultConfigurationName = Release;
		};
		89C48AD82B5A25C800613858 /* Build configuration list for PBXNativeTarget "ArPlaygroundTests" */ = {
			isa = XCConfigurationList;
			buildConfigurations = (
				89C48AD92B5A25C800613858 /* Debug */,
				89C48ADA2B5A25C800613858 /* Release */,
			);
			defaultConfigurationIsVisible = 0;
			defaultConfigurationName = Release;
		};
		89C48ADB2B5A25C800613858 /* Build configuration list for PBXNativeTarget "ArPlaygroundUITests" */ = {
			isa = XCConfigurationList;
			buildConfigurations = (
				89C48ADC2B5A25C800613858 /* Debug */,
				89C48ADD2B5A25C800613858 /* Release */,
			);
			defaultConfigurationIsVisible = 0;
			defaultConfigurationName = Release;
		};
/* End XCConfigurationList section */
	};
	rootObject = 89C48AA92B5A25C700613858 /* Project object */;
}
